github.com/tetsuo/toposort v0.0.6 h1:jYisqM2ycMLEreSZZner0fePeY2zsZDPefNVPOMxas4=
github.com/tetsuo/toposort v0.0.6/go.mod h1:FfiRLBrmDCuAmqDy3HELnaVn2GNJ2sQZBX/UTKUwolE=
golang.org/x/net v0.0.0-20220114011407-0dd24b26b47d h1:1n1fc535VhN8SYtD4cDUyNlfpAF2ROMM9+11equK3hs=
golang.org/x/net v0.0.0-20220114011407-0dd24b26b47d/go.mod h1:9nx3DQGgdP8bBQD5qxJ1jj9UTztislL4KSBs9R2vV5Y=
golang.org/x/sync v0.13.0 h1:AauUjRAJ9OSnvULf/ARrrVywoJDy0YS2AwQ98I37610=
golang.org/x/sync v0.13.0/go.mod h1:1dzgHSNfp02xaA81J2MS99Qcpr2w7fw1gpm99rleRqA=
